
Microsoft Visual Studio Solution File, Format Version 12.00
# Visual Studio Version 17
VisualStudioVersion = 17.5.002.0
MinimumVisualStudioVersion = 10.0.40219.1
Project("{9A19103F-16F7-4668-BE54-9A1E7A4F7556}") = "MeuMinimalApi", "MeuMinimalApi_a\MeuMinimalApi.csproj", "{C2207238-93F3-4196-BBE7-BC05DDDC38E7}"
EndProject
Project("{9A19103F-16F7-4668-BE54-9A1E7A4F7556}") = "MeuMinimalApi (1)", "MeuMinimalApi_b\MeuMinimalApi.csproj", "{6ED1FF3E-08DF-4322-B44B-F84B920F2733}"
EndProject
Global
	GlobalSection(SolutionConfigurationPlatforms) = preSolution
		Debug|Any CPU = Debug|Any CPU
		Release|Any CPU = Release|Any CPU
	EndGlobalSection
	GlobalSection(ProjectConfigurationPlatforms) = postSolution
		{C2207238-93F3-4196-BBE7-BC05DDDC38E7}.Debug|Any CPU.ActiveCfg = Debug|Any CPU
		{C2207238-93F3-4196-BBE7-BC05DDDC38E7}.Debug|Any CPU.Build.0 = Debug|Any CPU
		{C2207238-93F3-4196-BBE7-BC05DDDC38E7}.Release|Any CPU.ActiveCfg = Release|Any CPU
		{C2207238-93F3-4196-BBE7-BC05DDDC38E7}.Release|Any CPU.Build.0 = Release|Any CPU
		{6ED1FF3E-08DF-4322-B44B-F84B920F2733}.Debug|Any CPU.ActiveCfg = Debug|Any CPU
		{6ED1FF3E-08DF-4322-B44B-F84B920F2733}.Debug|Any CPU.Build.0 = Debug|Any CPU
		{6ED1FF3E-08DF-4322-B44B-F84B920F2733}.Release|Any CPU.ActiveCfg = Release|Any CPU
		{6ED1FF3E-08DF-4322-B44B-F84B920F2733}.Release|Any CPU.Build.0 = Release|Any CPU
	EndGlobalSection
	GlobalSection(SolutionProperties) = preSolution
		HideSolutionNode = FALSE
	EndGlobalSection
	GlobalSection(ExtensibilityGlobals) = postSolution
		SolutionGuid = {470499BB-6F82-430F-B06A-04F8701D679D}
	EndGlobalSection
EndGlobal
