
Microsoft Visual Studio Solution File, Format Version 12.00
# Visual Studio Version 17
VisualStudioVersion = 17.10.34928.147
MinimumVisualStudioVersion = 10.0.40219.1
Project("{FAE04EC0-301F-11D3-BF4B-00C04F79EFBC}") = "MinhaPrimeiraLambda", "MinhaPrimeiraLambda\src\MinhaPrimeiraLambda\MinhaPrimeiraLambda.csproj", "{67557605-34B5-46D2-806E-E7083C8E5FCA}"
EndProject
Global
	GlobalSection(SolutionConfigurationPlatforms) = preSolution
		Debug|Any CPU = Debug|Any CPU
		Release|Any CPU = Release|Any CPU
	EndGlobalSection
	GlobalSection(ProjectConfigurationPlatforms) = postSolution
		{67557605-34B5-46D2-806E-E7083C8E5FCA}.Debug|Any CPU.ActiveCfg = Debug|Any CPU
		{67557605-34B5-46D2-806E-E7083C8E5FCA}.Debug|Any CPU.Build.0 = Debug|Any CPU
		{67557605-34B5-46D2-806E-E7083C8E5FCA}.Release|Any CPU.ActiveCfg = Release|Any CPU
		{67557605-34B5-46D2-806E-E7083C8E5FCA}.Release|Any CPU.Build.0 = Release|Any CPU
	EndGlobalSection
	GlobalSection(SolutionProperties) = preSolution
		HideSolutionNode = FALSE
	EndGlobalSection
	GlobalSection(ExtensibilityGlobals) = postSolution
		SolutionGuid = {19FC2B86-828D-40A3-AF1A-698E64854AD3}
	EndGlobalSection
EndGlobal
