
Microsoft Visual Studio Solution File, Format Version 12.00
# Visual Studio Version 17
VisualStudioVersion = 17.10.34928.147
MinimumVisualStudioVersion = 10.0.40219.1
Project("{FAE04EC0-301F-11D3-BF4B-00C04F79EFBC}") = "SistemaDePedidos", "SistemaDePedidos\SistemaDePedidos.csproj", "{EBF46546-B115-419B-829F-54C0460EFBCD}"
EndProject
Global
	GlobalSection(SolutionConfigurationPlatforms) = preSolution
		Debug|Any CPU = Debug|Any CPU
		Release|Any CPU = Release|Any CPU
	EndGlobalSection
	GlobalSection(ProjectConfigurationPlatforms) = postSolution
		{EBF46546-B115-419B-829F-54C0460EFBCD}.Debug|Any CPU.ActiveCfg = Debug|Any CPU
		{EBF46546-B115-419B-829F-54C0460EFBCD}.Debug|Any CPU.Build.0 = Debug|Any CPU
		{EBF46546-B115-419B-829F-54C0460EFBCD}.Release|Any CPU.ActiveCfg = Release|Any CPU
		{EBF46546-B115-419B-829F-54C0460EFBCD}.Release|Any CPU.Build.0 = Release|Any CPU
	EndGlobalSection
	GlobalSection(SolutionProperties) = preSolution
		HideSolutionNode = FALSE
	EndGlobalSection
	GlobalSection(ExtensibilityGlobals) = postSolution
		SolutionGuid = {EC20563E-AA05-48BC-838C-466C42D30418}
	EndGlobalSection
EndGlobal
