
Microsoft Visual Studio Solution File, Format Version 12.00
Project("{FAE04EC0-301F-11D3-BF4B-00C04F79EFBC}") = "RabbitmqSend", "RabbitmqSend\RabbitmqSend.csproj", "{2D15C76A-276E-4EEE-BCA9-D9DC3BF854E4}"
EndProject
Project("{FAE04EC0-301F-11D3-BF4B-00C04F79EFBC}") = "RabbitmqReceive", "RabbitmqReceive\RabbitmqReceive.csproj", "{66F53EE4-210E-4DB7-90CD-4F7F182DF190}"
EndProject
Global
	GlobalSection(SolutionConfigurationPlatforms) = preSolution
		Debug|Any CPU = Debug|Any CPU
		Release|Any CPU = Release|Any CPU
	EndGlobalSection
	GlobalSection(ProjectConfigurationPlatforms) = postSolution
		{2D15C76A-276E-4EEE-BCA9-D9DC3BF854E4}.Debug|Any CPU.ActiveCfg = Debug|Any CPU
		{2D15C76A-276E-4EEE-BCA9-D9DC3BF854E4}.Debug|Any CPU.Build.0 = Debug|Any CPU
		{2D15C76A-276E-4EEE-BCA9-D9DC3BF854E4}.Release|Any CPU.ActiveCfg = Release|Any CPU
		{2D15C76A-276E-4EEE-BCA9-D9DC3BF854E4}.Release|Any CPU.Build.0 = Release|Any CPU
		{66F53EE4-210E-4DB7-90CD-4F7F182DF190}.Debug|Any CPU.ActiveCfg = Debug|Any CPU
		{66F53EE4-210E-4DB7-90CD-4F7F182DF190}.Debug|Any CPU.Build.0 = Debug|Any CPU
		{66F53EE4-210E-4DB7-90CD-4F7F182DF190}.Release|Any CPU.ActiveCfg = Release|Any CPU
		{66F53EE4-210E-4DB7-90CD-4F7F182DF190}.Release|Any CPU.Build.0 = Release|Any CPU
	EndGlobalSection
EndGlobal
