
Microsoft Visual Studio Solution File, Format Version 12.00
# Visual Studio Version 17
VisualStudioVersion = 17.10.35013.160
MinimumVisualStudioVersion = 10.0.40219.1
Project("{FAE04EC0-301F-11D3-BF4B-00C04F79EFBC}") = "ASPNETCoreIdentityDemo", "ASPNETCoreIdentityDemo\ASPNETCoreIdentityDemo.csproj", "{F00AED9F-216C-47C6-AA8E-C634269D0964}"
EndProject
Project("{2150E333-8FDC-42A3-9474-1A3956D46DE8}") = "infra", "infra", "{CC02D3B4-EC56-4F94-91F7-FA9786FDE3DD}"
	ProjectSection(SolutionItems) = preProject
		docker-compose.yml = docker-compose.yml
	EndProjectSection
EndProject
Global
	GlobalSection(SolutionConfigurationPlatforms) = preSolution
		Debug|Any CPU = Debug|Any CPU
		Release|Any CPU = Release|Any CPU
	EndGlobalSection
	GlobalSection(ProjectConfigurationPlatforms) = postSolution
		{F00AED9F-216C-47C6-AA8E-C634269D0964}.Debug|Any CPU.ActiveCfg = Debug|Any CPU
		{F00AED9F-216C-47C6-AA8E-C634269D0964}.Debug|Any CPU.Build.0 = Debug|Any CPU
		{F00AED9F-216C-47C6-AA8E-C634269D0964}.Release|Any CPU.ActiveCfg = Release|Any CPU
		{F00AED9F-216C-47C6-AA8E-C634269D0964}.Release|Any CPU.Build.0 = Release|Any CPU
	EndGlobalSection
	GlobalSection(SolutionProperties) = preSolution
		HideSolutionNode = FALSE
	EndGlobalSection
	GlobalSection(ExtensibilityGlobals) = postSolution
		SolutionGuid = {A5B62619-2601-4AED-ADED-F8E45B716E1A}
	EndGlobalSection
EndGlobal
